
Microsoft Visual Studio Solution File, Format Version 12.00
# Visual Studio 2013
VisualStudioVersion = 12.0.31101.0
MinimumVisualStudioVersion = 10.0.40219.1
Project("{FAE04EC0-301F-11D3-BF4B-00C04F79EFBC}") = "Etiqueta.NET", "Etiqueta.NET\Etiqueta.NET.csproj", "{55B3E382-54B8-46EE-BF23-2A64989FB902}"
EndProject
Project("{FAE04EC0-301F-11D3-BF4B-00C04F79EFBC}") = "Etiqueta.NET.Test", "Etiqueta.NET.Test\Etiqueta.NET.Test.csproj", "{52D6E297-2C6C-4C10-A62D-000E968C92B2}"
EndProject
Global
	GlobalSection(SolutionConfigurationPlatforms) = preSolution
		Debug|Any CPU = Debug|Any CPU
		Release|Any CPU = Release|Any CPU
	EndGlobalSection
	GlobalSection(ProjectConfigurationPlatforms) = postSolution
		{55B3E382-54B8-46EE-BF23-2A64989FB902}.Debug|Any CPU.ActiveCfg = Debug|Any CPU
		{55B3E382-54B8-46EE-BF23-2A64989FB902}.Debug|Any CPU.Build.0 = Debug|Any CPU
		{55B3E382-54B8-46EE-BF23-2A64989FB902}.Release|Any CPU.ActiveCfg = Release|Any CPU
		{55B3E382-54B8-46EE-BF23-2A64989FB902}.Release|Any CPU.Build.0 = Release|Any CPU
		{52D6E297-2C6C-4C10-A62D-000E968C92B2}.Debug|Any CPU.ActiveCfg = Debug|Any CPU
		{52D6E297-2C6C-4C10-A62D-000E968C92B2}.Debug|Any CPU.Build.0 = Debug|Any CPU
		{52D6E297-2C6C-4C10-A62D-000E968C92B2}.Release|Any CPU.ActiveCfg = Release|Any CPU
		{52D6E297-2C6C-4C10-A62D-000E968C92B2}.Release|Any CPU.Build.0 = Release|Any CPU
	EndGlobalSection
	GlobalSection(SolutionProperties) = preSolution
		HideSolutionNode = FALSE
	EndGlobalSection
EndGlobal
